{
    "name": "@wp-sockets/composer-bridge",
    "version": "1.0.0",
    "lockfileVersion": 3,
    "requires": true,
    "packages": {
        "": {
            "name": "@wp-sockets/composer-bridge",
            "version": "1.0.0",
            "license": "GPL-2.0-or-later",
            "dependencies": {
                "@andreilupu/wp-sockets-js": "file:../wp-sockets-js"
            }
        },
        "../wp-sockets-js": {
            "name": "@andreilupu/wp-sockets-js",
            "version": "0.1.0-alpha.3",
            "license": "GPL-2.0-or-later",
            "devDependencies": {
                "@types/react-dom": "^19.2.3",
                "@wordpress/scripts": "^31.0.0",
                "microbundle": "^0.15.1"
            },
            "peerDependencies": {
                "@wordpress/components": "^30.8.0",
                "@wordpress/compose": "^7.35.0",
                "@wordpress/data": "^10.35.0",
                "@wordpress/element": "^6.35.0"
            }
        },
        "node_modules/@andreilupu/wp-sockets-js": {
            "resolved": "../wp-sockets-js",
            "link": true
        }
    }
}
